
Microsoft Visual Studio Solution File, Format Version 12.00
# Visual Studio 15
VisualStudioVersion = 15.0.28010.2046
MinimumVisualStudioVersion = 10.0.40219.1
Project("{FAE04EC0-301F-11D3-BF4B-00C04F79EFBC}") = "EFCoreWorksWithStoredProcedures", "EFCoreWorksWithStoredProcedures\EFCoreWorksWithStoredProcedures.csproj", "{49B4BF1F-3181-414A-ADC3-50DE943FD835}"
EndProject
Global
	GlobalSection(SolutionConfigurationPlatforms) = preSolution
		Debug|Any CPU = Debug|Any CPU
		Release|Any CPU = Release|Any CPU
	EndGlobalSection
	GlobalSection(ProjectConfigurationPlatforms) = postSolution
		{49B4BF1F-3181-414A-ADC3-50DE943FD835}.Debug|Any CPU.ActiveCfg = Debug|Any CPU
		{49B4BF1F-3181-414A-ADC3-50DE943FD835}.Debug|Any CPU.Build.0 = Debug|Any CPU
		{49B4BF1F-3181-414A-ADC3-50DE943FD835}.Release|Any CPU.ActiveCfg = Release|Any CPU
		{49B4BF1F-3181-414A-ADC3-50DE943FD835}.Release|Any CPU.Build.0 = Release|Any CPU
	EndGlobalSection
	GlobalSection(SolutionProperties) = preSolution
		HideSolutionNode = FALSE
	EndGlobalSection
	GlobalSection(ExtensibilityGlobals) = postSolution
		SolutionGuid = {AB04B251-599F-4D61-B44D-AF54338A34AB}
	EndGlobalSection
EndGlobal
